
Microsoft Visual Studio Solution File, Format Version 12.00
# Visual Studio Version 16
VisualStudioVersion = 16.0.30225.117
MinimumVisualStudioVersion = 10.0.40219.1
Project("{FAE04EC0-301F-11D3-BF4B-00C04F79EFBC}") = "Webresources", "Webresources\Webresources.csproj", "{036068C8-FC00-4449-B214-3B554EE0D097}"
EndProject
Project("{FAE04EC0-301F-11D3-BF4B-00C04F79EFBC}") = "Plugin.Tests", "Plugin.Tests\Plugin.Tests.csproj", "{29E03472-C481-4BB9-8AA6-CE2E0D330FFA}"
EndProject
Project("{FAE04EC0-301F-11D3-BF4B-00C04F79EFBC}") = "Solutions", "Solutions\Solutions.csproj", "{7BCB2D3B-3E06-433B-9B7A-0C612724B5E9}"
EndProject
Project("{FAE04EC0-301F-11D3-BF4B-00C04F79EFBC}") = "Plugins", "Plugins\Plugins.csproj", "{33B5A689-0824-4BA3-BCFA-2B5D821551DA}"
EndProject
Global
	GlobalSection(SolutionConfigurationPlatforms) = preSolution
		Debug|Any CPU = Debug|Any CPU
		Release|Any CPU = Release|Any CPU
	EndGlobalSection
	GlobalSection(ProjectConfigurationPlatforms) = postSolution
		{036068C8-FC00-4449-B214-3B554EE0D097}.Debug|Any CPU.ActiveCfg = Debug|Any CPU
		{036068C8-FC00-4449-B214-3B554EE0D097}.Debug|Any CPU.Build.0 = Debug|Any CPU
		{036068C8-FC00-4449-B214-3B554EE0D097}.Release|Any CPU.ActiveCfg = Release|Any CPU
		{036068C8-FC00-4449-B214-3B554EE0D097}.Release|Any CPU.Build.0 = Release|Any CPU
		{29E03472-C481-4BB9-8AA6-CE2E0D330FFA}.Debug|Any CPU.ActiveCfg = Debug|Any CPU
		{29E03472-C481-4BB9-8AA6-CE2E0D330FFA}.Debug|Any CPU.Build.0 = Debug|Any CPU
		{29E03472-C481-4BB9-8AA6-CE2E0D330FFA}.Release|Any CPU.ActiveCfg = Release|Any CPU
		{29E03472-C481-4BB9-8AA6-CE2E0D330FFA}.Release|Any CPU.Build.0 = Release|Any CPU
		{7BCB2D3B-3E06-433B-9B7A-0C612724B5E9}.Debug|Any CPU.ActiveCfg = Debug|Any CPU
		{7BCB2D3B-3E06-433B-9B7A-0C612724B5E9}.Debug|Any CPU.Build.0 = Debug|Any CPU
		{7BCB2D3B-3E06-433B-9B7A-0C612724B5E9}.Release|Any CPU.ActiveCfg = Release|Any CPU
		{7BCB2D3B-3E06-433B-9B7A-0C612724B5E9}.Release|Any CPU.Build.0 = Release|Any CPU
		{33B5A689-0824-4BA3-BCFA-2B5D821551DA}.Debug|Any CPU.ActiveCfg = Debug|Any CPU
		{33B5A689-0824-4BA3-BCFA-2B5D821551DA}.Debug|Any CPU.Build.0 = Debug|Any CPU
		{33B5A689-0824-4BA3-BCFA-2B5D821551DA}.Release|Any CPU.ActiveCfg = Release|Any CPU
		{33B5A689-0824-4BA3-BCFA-2B5D821551DA}.Release|Any CPU.Build.0 = Release|Any CPU
	EndGlobalSection
	GlobalSection(SolutionProperties) = preSolution
		HideSolutionNode = FALSE
	EndGlobalSection
	GlobalSection(ExtensibilityGlobals) = postSolution
		SolutionGuid = {8BCBAABC-789A-4E2C-8BC9-C95C5FF8C952}
	EndGlobalSection
EndGlobal
